
Microsoft Visual Studio Solution File, Format Version 12.00
# Visual Studio Version 17
VisualStudioVersion = 17.3.32929.385
MinimumVisualStudioVersion = 10.0.40219.1
Project("{9A19103F-16F7-4668-BE54-9A1E7A4F7556}") = "ConsoleApp1", "ConsoleApp1\ConsoleApp1.csproj", "{7C626C13-90C9-4BD4-BB44-101A81F8F303}"
EndProject
Project("{9A19103F-16F7-4668-BE54-9A1E7A4F7556}") = "DalReminders", "DalReminders\DalReminders.csproj", "{6E54AE20-2B4B-4EAC-87FC-7B45906FDCE1}"
EndProject
Project("{9A19103F-16F7-4668-BE54-9A1E7A4F7556}") = "UiReminders", "UiReminders\UiReminders.csproj", "{771D33A0-CB09-4ACC-AE87-FDDD353CD10A}"
EndProject
Global
	GlobalSection(SolutionConfigurationPlatforms) = preSolution
		Debug|Any CPU = Debug|Any CPU
		Release|Any CPU = Release|Any CPU
	EndGlobalSection
	GlobalSection(ProjectConfigurationPlatforms) = postSolution
		{7C626C13-90C9-4BD4-BB44-101A81F8F303}.Debug|Any CPU.ActiveCfg = Debug|Any CPU
		{7C626C13-90C9-4BD4-BB44-101A81F8F303}.Debug|Any CPU.Build.0 = Debug|Any CPU
		{7C626C13-90C9-4BD4-BB44-101A81F8F303}.Release|Any CPU.ActiveCfg = Release|Any CPU
		{7C626C13-90C9-4BD4-BB44-101A81F8F303}.Release|Any CPU.Build.0 = Release|Any CPU
		{6E54AE20-2B4B-4EAC-87FC-7B45906FDCE1}.Debug|Any CPU.ActiveCfg = Debug|Any CPU
		{6E54AE20-2B4B-4EAC-87FC-7B45906FDCE1}.Debug|Any CPU.Build.0 = Debug|Any CPU
		{6E54AE20-2B4B-4EAC-87FC-7B45906FDCE1}.Release|Any CPU.ActiveCfg = Release|Any CPU
		{6E54AE20-2B4B-4EAC-87FC-7B45906FDCE1}.Release|Any CPU.Build.0 = Release|Any CPU
		{771D33A0-CB09-4ACC-AE87-FDDD353CD10A}.Debug|Any CPU.ActiveCfg = Debug|Any CPU
		{771D33A0-CB09-4ACC-AE87-FDDD353CD10A}.Debug|Any CPU.Build.0 = Debug|Any CPU
		{771D33A0-CB09-4ACC-AE87-FDDD353CD10A}.Release|Any CPU.ActiveCfg = Release|Any CPU
		{771D33A0-CB09-4ACC-AE87-FDDD353CD10A}.Release|Any CPU.Build.0 = Release|Any CPU
	EndGlobalSection
	GlobalSection(SolutionProperties) = preSolution
		HideSolutionNode = FALSE
	EndGlobalSection
	GlobalSection(ExtensibilityGlobals) = postSolution
		SolutionGuid = {AA7B0793-30AE-45D7-A3DE-8CC97FBC8DC4}
	EndGlobalSection
EndGlobal
